
Microsoft Visual Studio Solution File, Format Version 12.00
# Visual Studio Version 17
VisualStudioVersion = 17.7.34031.279
MinimumVisualStudioVersion = 10.0.40219.1
Project("{9A19103F-16F7-4668-BE54-9A1E7A4F7556}") = "cryptDefender", "cryptDefender.csproj", "{DC519FCB-F114-4FB7-AB52-16C8E5F02FC2}"
EndProject
Global
	GlobalSection(SolutionConfigurationPlatforms) = preSolution
		Debug|Any CPU = Debug|Any CPU
		Release|Any CPU = Release|Any CPU
	EndGlobalSection
	GlobalSection(ProjectConfigurationPlatforms) = postSolution
		{DC519FCB-F114-4FB7-AB52-16C8E5F02FC2}.Debug|Any CPU.ActiveCfg = Debug|Any CPU
		{DC519FCB-F114-4FB7-AB52-16C8E5F02FC2}.Debug|Any CPU.Build.0 = Debug|Any CPU
		{DC519FCB-F114-4FB7-AB52-16C8E5F02FC2}.Release|Any CPU.ActiveCfg = Release|Any CPU
		{DC519FCB-F114-4FB7-AB52-16C8E5F02FC2}.Release|Any CPU.Build.0 = Release|Any CPU
	EndGlobalSection
	GlobalSection(SolutionProperties) = preSolution
		HideSolutionNode = FALSE
	EndGlobalSection
	GlobalSection(ExtensibilityGlobals) = postSolution
		SolutionGuid = {C24ED2CE-DCC4-4DCB-9EA1-3DB6B48BADE1}
	EndGlobalSection
EndGlobal
